# This file is generated by running "yarn install" inside your project.
# Manual changes might be lost - proceed with caution!

__metadata:
  version: 8
  cacheKey: 10c0

"@sindresorhus/is@npm:^4.0.0":
  version: 4.0.1
  resolution: "@sindresorhus/is@npm:4.0.1"
  checksum: 10c0/702585c91d0100e5364fb7f0ca4b5ef2e6b7308ef09ab095d54ea237bed0a84429c7c139df6c00951842cc5e61be80004da373feae6ee44f90f43034cb10995c
  languageName: node
  linkType: hard

"@szmarczak/http-timer@npm:^4.0.5":
  version: 4.0.5
  resolution: "@szmarczak/http-timer@npm:4.0.5"
  dependencies:
    defer-to-connect: "npm:^2.0.0"
  checksum: 10c0/de3f5054e08b72762b88e9ee837018d4e513e5df20e1d9f8c671d813f22b0972148509e0781b85c1de7fc60a7c9be10c2b7d4b8372ba80ffc11c43e6a24e945f
  languageName: node
  linkType: hard

"@tsconfig/node14@npm:^1.0.1":
  version: 1.0.1
  resolution: "@tsconfig/node14@npm:1.0.1"
  checksum: 10c0/abd4e27d9ad712e1e229716a3dbf35d5cbb580d624a82d67414e7606cefd85d502e58800a2ab930d46a428fcfcb199436283b1a88e47d738ca1a5f7fd022ee74
  languageName: node
  linkType: hard

"@types/cacheable-request@npm:^6.0.1":
  version: 6.0.1
  resolution: "@types/cacheable-request@npm:6.0.1"
  dependencies:
    "@types/http-cache-semantics": "npm:*"
    "@types/keyv": "npm:*"
    "@types/node": "npm:*"
    "@types/responselike": "npm:*"
  checksum: 10c0/6f92bd099c65adf36a27022e6f7a4fd6d237d930fed29ddd03fdcbf821957b68663ea5b31a607b3e15d6a9ca7d0b57d5f18d3ef4766c8947e27ba6ccd2aa7854
  languageName: node
  linkType: hard

"@types/http-cache-semantics@npm:*":
  version: 4.0.0
  resolution: "@types/http-cache-semantics@npm:4.0.0"
  checksum: 10c0/330396eb9e1eef72373323912c7c2f1df0acbea93a973d7524413bf46ac016e62c08d6d7b48aacb750cbabfb2cfc214a7dd9b579f1b6818beeb0fe9a00da425d
  languageName: node
  linkType: hard

"@types/keyv@npm:*":
  version: 3.1.1
  resolution: "@types/keyv@npm:3.1.1"
  dependencies:
    "@types/node": "npm:*"
  checksum: 10c0/5098b339a80fe28a461785c455aded9271b2b35da8568375edae4c144422ea0dbeab5aab05929f4c51321ec6a07fd5e0980096c202e19da41a86314bf45700ec
  languageName: node
  linkType: hard

"@types/node@npm:*, @types/node@npm:^15.12.2":
  version: 15.12.2
  resolution: "@types/node@npm:15.12.2"
  checksum: 10c0/4917012f6503fb6b2f321cbf93d0403510f76e7cb184709f0a55e47d408c4da10ea8545fb17da0d25e8d8f148137ecbb1efb90a101ebdbf81cf86e080975e5c8
  languageName: node
  linkType: hard

"@types/responselike@npm:*, @types/responselike@npm:^1.0.0":
  version: 1.0.0
  resolution: "@types/responselike@npm:1.0.0"
  dependencies:
    "@types/node": "npm:*"
  checksum: 10c0/474ac2402e6d43c007eee25f50d01eb1f67255ca83dd8e036877292bbe8dd5d2d1e50b54b408e233b50a8c38e681ff3ebeaf22f18b478056eddb65536abb003a
  languageName: node
  linkType: hard

"balanced-match@npm:^1.0.0":
  version: 1.0.2
  resolution: "balanced-match@npm:1.0.2"
  checksum: 10c0/9308baf0a7e4838a82bbfd11e01b1cb0f0cf2893bc1676c27c2a8c0e70cbae1c59120c3268517a8ae7fb6376b4639ef81ca22582611dbee4ed28df945134aaee
  languageName: node
  linkType: hard

"brace-expansion@npm:^1.1.7":
  version: 1.1.11
  resolution: "brace-expansion@npm:1.1.11"
  dependencies:
    balanced-match: "npm:^1.0.0"
    concat-map: "npm:0.0.1"
  checksum: 10c0/695a56cd058096a7cb71fb09d9d6a7070113c7be516699ed361317aca2ec169f618e28b8af352e02ab4233fb54eb0168460a40dc320bab0034b36ab59aaad668
  languageName: node
  linkType: hard

"cacheable-lookup@npm:^5.0.3":
  version: 5.0.4
  resolution: "cacheable-lookup@npm:5.0.4"
  checksum: 10c0/a6547fb4954b318aa831cbdd2f7b376824bc784fb1fa67610e4147099e3074726072d9af89f12efb69121415a0e1f2918a8ddd4aafcbcf4e91fbeef4a59cd42c
  languageName: node
  linkType: hard

"cacheable-request@npm:^7.0.1":
  version: 7.0.2
  resolution: "cacheable-request@npm:7.0.2"
  dependencies:
    clone-response: "npm:^1.0.2"
    get-stream: "npm:^5.1.0"
    http-cache-semantics: "npm:^4.0.0"
    keyv: "npm:^4.0.0"
    lowercase-keys: "npm:^2.0.0"
    normalize-url: "npm:^6.0.1"
    responselike: "npm:^2.0.0"
  checksum: 10c0/681bad13691d0d5d10652d409374747a2ce8676f854b0d454ee8fc65e0a10a52ea83cd1f6c367ada08572fd4982f2aa2582dc38983d4e958e053e181c433765e
  languageName: node
  linkType: hard

"clone-response@npm:^1.0.2":
  version: 1.0.2
  resolution: "clone-response@npm:1.0.2"
  dependencies:
    mimic-response: "npm:^1.0.0"
  checksum: 10c0/96f3527ef86d0c322e0a5188d929ab78ddbc3238d47ccbb00f8abb02b02e4ef70339646ec73d657383ffbdb1f0cfef6a937062d4f701ca6f84cee7a37114007f
  languageName: node
  linkType: hard

"concat-map@npm:0.0.1":
  version: 0.0.1
  resolution: "concat-map@npm:0.0.1"
  checksum: 10c0/c996b1cfdf95b6c90fee4dae37e332c8b6eb7d106430c17d538034c0ad9a1630cb194d2ab37293b1bdd4d779494beee7786d586a50bd9376fd6f7bcc2bd4c98f
  languageName: node
  linkType: hard

"decompress-response@npm:^6.0.0":
  version: 6.0.0
  resolution: "decompress-response@npm:6.0.0"
  dependencies:
    mimic-response: "npm:^3.1.0"
  checksum: 10c0/bd89d23141b96d80577e70c54fb226b2f40e74a6817652b80a116d7befb8758261ad073a8895648a29cc0a5947021ab66705cb542fa9c143c82022b27c5b175e
  languageName: node
  linkType: hard

"deezer-api-ts@workspace:.":
  version: 0.0.0-use.local
  resolution: "deezer-api-ts@workspace:."
  dependencies:
    "@tsconfig/node14": "npm:^1.0.1"
    "@types/node": "npm:^15.12.2"
    got: "npm:^11.8.2"
    rimraf: "npm:^3.0.2"
    tslib: "npm:^2.3.0"
    typescript: "npm:^4.3.4"
  languageName: unknown
  linkType: soft

"defer-to-connect@npm:^2.0.0":
  version: 2.0.1
  resolution: "defer-to-connect@npm:2.0.1"
  checksum: 10c0/625ce28e1b5ad10cf77057b9a6a727bf84780c17660f6644dab61dd34c23de3001f03cedc401f7d30a4ed9965c2e8a7336e220a329146f2cf85d4eddea429782
  languageName: node
  linkType: hard

"end-of-stream@npm:^1.1.0":
  version: 1.4.4
  resolution: "end-of-stream@npm:1.4.4"
  dependencies:
    once: "npm:^1.4.0"
  checksum: 10c0/870b423afb2d54bb8d243c63e07c170409d41e20b47eeef0727547aea5740bd6717aca45597a9f2745525667a6b804c1e7bede41f856818faee5806dd9ff3975
  languageName: node
  linkType: hard

"fs.realpath@npm:^1.0.0":
  version: 1.0.0
  resolution: "fs.realpath@npm:1.0.0"
  checksum: 10c0/444cf1291d997165dfd4c0d58b69f0e4782bfd9149fd72faa4fe299e68e0e93d6db941660b37dd29153bf7186672ececa3b50b7e7249477b03fdf850f287c948
  languageName: node
  linkType: hard

"get-stream@npm:^5.1.0":
  version: 5.2.0
  resolution: "get-stream@npm:5.2.0"
  dependencies:
    pump: "npm:^3.0.0"
  checksum: 10c0/43797ffd815fbb26685bf188c8cfebecb8af87b3925091dd7b9a9c915993293d78e3c9e1bce125928ff92f2d0796f3889b92b5ec6d58d1041b574682132e0a80
  languageName: node
  linkType: hard

"glob@npm:^7.1.3":
  version: 7.1.7
  resolution: "glob@npm:7.1.7"
  dependencies:
    fs.realpath: "npm:^1.0.0"
    inflight: "npm:^1.0.4"
    inherits: "npm:2"
    minimatch: "npm:^3.0.4"
    once: "npm:^1.3.0"
    path-is-absolute: "npm:^1.0.0"
  checksum: 10c0/173245e6f9ccf904309eb7ef4a44a11f3bf68e9e341dff5a28b5db0dd7123b7506daf41497f3437a0710f57198187b758c2351eeaabce4d16935e956920da6a4
  languageName: node
  linkType: hard

"got@npm:^11.8.2":
  version: 11.8.2
  resolution: "got@npm:11.8.2"
  dependencies:
    "@sindresorhus/is": "npm:^4.0.0"
    "@szmarczak/http-timer": "npm:^4.0.5"
    "@types/cacheable-request": "npm:^6.0.1"
    "@types/responselike": "npm:^1.0.0"
    cacheable-lookup: "npm:^5.0.3"
    cacheable-request: "npm:^7.0.1"
    decompress-response: "npm:^6.0.0"
    http2-wrapper: "npm:^1.0.0-beta.5.2"
    lowercase-keys: "npm:^2.0.0"
    p-cancelable: "npm:^2.0.0"
    responselike: "npm:^2.0.0"
  checksum: 10c0/12fc2f5ffeed74746b75764c304f9dcd679edb593a9d079e8235ca3a2a112ab500702a81f693573a389c198c678f9b0e827921a20cdb29c90dc8897a37432419
  languageName: node
  linkType: hard

"http-cache-semantics@npm:^4.0.0":
  version: 4.1.0
  resolution: "http-cache-semantics@npm:4.1.0"
  checksum: 10c0/abe115ddd9f24914a49842f2745ecc8380837bbe30b59b154648c76ebc1bd3d5f8bd05c1789aaa2ae6b79624c591d13c8aa79104ff21078e117140a65ac20654
  languageName: node
  linkType: hard

"http2-wrapper@npm:^1.0.0-beta.5.2":
  version: 1.0.3
  resolution: "http2-wrapper@npm:1.0.3"
  dependencies:
    quick-lru: "npm:^5.1.1"
    resolve-alpn: "npm:^1.0.0"
  checksum: 10c0/6a9b72a033e9812e1476b9d776ce2f387bc94bc46c88aea0d5dab6bd47d0a539b8178830e77054dd26d1142c866d515a28a4dc7c3ff4232c88ff2ebe4f5d12d1
  languageName: node
  linkType: hard

"inflight@npm:^1.0.4":
  version: 1.0.6
  resolution: "inflight@npm:1.0.6"
  dependencies:
    once: "npm:^1.3.0"
    wrappy: "npm:1"
  checksum: 10c0/7faca22584600a9dc5b9fca2cd5feb7135ac8c935449837b315676b4c90aa4f391ec4f42240178244b5a34e8bede1948627fda392ca3191522fc46b34e985ab2
  languageName: node
  linkType: hard

"inherits@npm:2":
  version: 2.0.4
  resolution: "inherits@npm:2.0.4"
  checksum: 10c0/4e531f648b29039fb7426fb94075e6545faa1eb9fe83c29f0b6d9e7263aceb4289d2d4557db0d428188eeb449cc7c5e77b0a0b2c4e248ff2a65933a0dee49ef2
  languageName: node
  linkType: hard

"json-buffer@npm:3.0.1":
  version: 3.0.1
  resolution: "json-buffer@npm:3.0.1"
  checksum: 10c0/0d1c91569d9588e7eef2b49b59851f297f3ab93c7b35c7c221e288099322be6b562767d11e4821da500f3219542b9afd2e54c5dc573107c1126ed1080f8e96d7
  languageName: node
  linkType: hard

"keyv@npm:^4.0.0":
  version: 4.0.3
  resolution: "keyv@npm:4.0.3"
  dependencies:
    json-buffer: "npm:3.0.1"
  checksum: 10c0/c296ae682c10c40f3154d28ad0945bd91d70f5a9a44969bd5f315bb256e226276e4e27708df07ebda28fc07ef0b34f2eabcda38146f63bb538fcca1c94de8218
  languageName: node
  linkType: hard

"lowercase-keys@npm:^2.0.0":
  version: 2.0.0
  resolution: "lowercase-keys@npm:2.0.0"
  checksum: 10c0/f82a2b3568910509da4b7906362efa40f5b54ea14c2584778ddb313226f9cbf21020a5db35f9b9a0e95847a9b781d548601f31793d736b22a2b8ae8eb9ab1082
  languageName: node
  linkType: hard

"mimic-response@npm:^1.0.0":
  version: 1.0.1
  resolution: "mimic-response@npm:1.0.1"
  checksum: 10c0/c5381a5eae997f1c3b5e90ca7f209ed58c3615caeee850e85329c598f0c000ae7bec40196580eef1781c60c709f47258131dab237cad8786f8f56750594f27fa
  languageName: node
  linkType: hard

"mimic-response@npm:^3.1.0":
  version: 3.1.0
  resolution: "mimic-response@npm:3.1.0"
  checksum: 10c0/0d6f07ce6e03e9e4445bee655202153bdb8a98d67ee8dc965ac140900d7a2688343e6b4c9a72cfc9ef2f7944dfd76eef4ab2482eb7b293a68b84916bac735362
  languageName: node
  linkType: hard

"minimatch@npm:^3.0.4":
  version: 3.0.4
  resolution: "minimatch@npm:3.0.4"
  dependencies:
    brace-expansion: "npm:^1.1.7"
  checksum: 10c0/d0a2bcd93ebec08a9eef3ca83ba33c9fb6feb93932e0b4dc6aa46c5f37a9404bea7ad9ff7cafe23ce6634f1fe3b206f5315ecbb05812da6e692c21d8ecfd3dae
  languageName: node
  linkType: hard

"normalize-url@npm:^6.0.1":
  version: 6.0.1
  resolution: "normalize-url@npm:6.0.1"
  checksum: 10c0/f4d46c6694eb20ea822f793ed594229637673873bda5c5ab28caa4856bbe8023dc285a5ae197cd253164d1c477dacbe9e4eaa9311d74f6341ab8539b45cad41e
  languageName: node
  linkType: hard

"once@npm:^1.3.0, once@npm:^1.3.1, once@npm:^1.4.0":
  version: 1.4.0
  resolution: "once@npm:1.4.0"
  dependencies:
    wrappy: "npm:1"
  checksum: 10c0/5d48aca287dfefabd756621c5dfce5c91a549a93e9fdb7b8246bc4c4790aa2ec17b34a260530474635147aeb631a2dcc8b32c613df0675f96041cbb8244517d0
  languageName: node
  linkType: hard

"p-cancelable@npm:^2.0.0":
  version: 2.1.1
  resolution: "p-cancelable@npm:2.1.1"
  checksum: 10c0/8c6dc1f8dd4154fd8b96a10e55a3a832684c4365fb9108056d89e79fbf21a2465027c04a59d0d797b5ffe10b54a61a32043af287d5c4860f1e996cbdbc847f01
  languageName: node
  linkType: hard

"path-is-absolute@npm:^1.0.0":
  version: 1.0.1
  resolution: "path-is-absolute@npm:1.0.1"
  checksum: 10c0/127da03c82172a2a50099cddbf02510c1791fc2cc5f7713ddb613a56838db1e8168b121a920079d052e0936c23005562059756d653b7c544c53185efe53be078
  languageName: node
  linkType: hard

"pump@npm:^3.0.0":
  version: 3.0.0
  resolution: "pump@npm:3.0.0"
  dependencies:
    end-of-stream: "npm:^1.1.0"
    once: "npm:^1.3.1"
  checksum: 10c0/bbdeda4f747cdf47db97428f3a135728669e56a0ae5f354a9ac5b74556556f5446a46f720a8f14ca2ece5be9b4d5d23c346db02b555f46739934cc6c093a5478
  languageName: node
  linkType: hard

"quick-lru@npm:^5.1.1":
  version: 5.1.1
  resolution: "quick-lru@npm:5.1.1"
  checksum: 10c0/a24cba5da8cec30d70d2484be37622580f64765fb6390a928b17f60cd69e8dbd32a954b3ff9176fa1b86d86ff2ba05252fae55dc4d40d0291c60412b0ad096da
  languageName: node
  linkType: hard

"resolve-alpn@npm:^1.0.0":
  version: 1.1.2
  resolution: "resolve-alpn@npm:1.1.2"
  checksum: 10c0/6fb5c03b5f6e1114aa0273242193f94298b6436bcddf9829908dd34c9364f113de70a81ee0d4e34c2b9981518c58e6eaf66407b36a3e18d8d73670e40c2f48ab
  languageName: node
  linkType: hard

"responselike@npm:^2.0.0":
  version: 2.0.0
  resolution: "responselike@npm:2.0.0"
  dependencies:
    lowercase-keys: "npm:^2.0.0"
  checksum: 10c0/653db4b1286f7a92bcd4d19463ac32687c0c1329d3e42c26e69b301197c583bcf40d77e910c1a6ac7cb7c3e8b6be1f1303d8e4168ad7c04db00397d8e70f5366
  languageName: node
  linkType: hard

"rimraf@npm:^3.0.2":
  version: 3.0.2
  resolution: "rimraf@npm:3.0.2"
  dependencies:
    glob: "npm:^7.1.3"
  bin:
    rimraf: bin.js
  checksum: 10c0/9cb7757acb489bd83757ba1a274ab545eafd75598a9d817e0c3f8b164238dd90eba50d6b848bd4dcc5f3040912e882dc7ba71653e35af660d77b25c381d402e8
  languageName: node
  linkType: hard

"tslib@npm:^2.3.0":
  version: 2.3.0
  resolution: "tslib@npm:2.3.0"
  checksum: 10c0/a845aed84e7e7dbb4c774582da60d7030ea39d67307250442d35c4c5dd77e4b44007098c37dd079e100029c76055f2a362734b8442ba828f8cc934f15ed9be61
  languageName: node
  linkType: hard

"typescript@npm:^4.3.4":
  version: 4.3.4
  resolution: "typescript@npm:4.3.4"
  bin:
    tsc: bin/tsc
    tsserver: bin/tsserver
  checksum: 10c0/05e116885c639a9bdbd65ad4020c8954f619c02124c6db79d3d36a360e7a9399472844936beee005fe623dfaab2123aeb12e332b53e388d2fd15296abad1143f
  languageName: node
  linkType: hard

"typescript@patch:typescript@npm%3A^4.3.4#optional!builtin<compat/typescript>":
  version: 4.3.4
  resolution: "typescript@patch:typescript@npm%3A4.3.4#optional!builtin<compat/typescript>::version=4.3.4&hash=dba6d9"
  bin:
    tsc: bin/tsc
    tsserver: bin/tsserver
  checksum: 10c0/90273a7286e851fcf44a33ceaadd50b56463efeded329274b04f25b332ae6501d2e21700cb12bda7425c0c2708f1cd08186c936b4d493f82df4352340f9bdb06
  languageName: node
  linkType: hard

"wrappy@npm:1":
  version: 1.0.2
  resolution: "wrappy@npm:1.0.2"
  checksum: 10c0/56fece1a4018c6a6c8e28fbc88c87e0fbf4ea8fd64fc6c63b18f4acc4bd13e0ad2515189786dd2c30d3eec9663d70f4ecf699330002f8ccb547e4a18231fc9f0
  languageName: node
  linkType: hard
